// !$*UTF8*$!
{
	archiveVersion = 1;
	classes = {
	};
	objectVersion = 54;
	objects = {

/* Begin PBXBuildFile section */
		00E356F31AD99517003FC87E /* BookShelfTests.m in Sources */ = {isa = PBXBuildFile; fileRef = 00E356F21AD99517003FC87E /* BookShelfTests.m */; };
		13B07FBC1A68108700A75B9A /* AppDelegate.mm in Sources */ = {isa = PBXBuildFile; fileRef = 13B07FB01A68108700A75B9A /* AppDelegate.mm */; };
		13B07FBF1A68108700A75B9A /* Images.xcassets in Resources */ = {isa = PBXBuildFile; fileRef = 13B07FB51A68108700A75B9A /* Images.xcassets */; };
		13B07FC11A68108700A75B9A /* main.m in Sources */ = {isa = PBXBuildFile; fileRef = 13B07FB71A68108700A75B9A /* main.m */; };
		24E79195F315435805C248F0 /* libPods-BookShelf.a in Frameworks */ = {isa = PBXBuildFile; fileRef = 7835B04C851B2B7581809D42 /* libPods-BookShelf.a */; };
		4446CD112B94359F006AA0FA /* Fonts in Resources */ = {isa = PBXBuildFile; fileRef = 4446CD102B94359F006AA0FA /* Fonts */; };
		81AB9BB82411601600AC10FF /* LaunchScreen.storyboard in Resources */ = {isa = PBXBuildFile; fileRef = 81AB9BB72411601600AC10FF /* LaunchScreen.storyboard */; };
		DAA2127A8592A62C9B9FE259 /* libPods-BookShelf-BookShelfTests.a in Frameworks */ = {isa = PBXBuildFile; fileRef = 1051E0F889F98A2C74B0ACA1 /* libPods-BookShelf-BookShelfTests.a */; };
		E1F888A1EB0749A5B9919F8C /* Gilroy-Black.ttf in Resources */ = {isa = PBXBuildFile; fileRef = 256013DA13C74517858F7DBF /* Gilroy-Black.ttf */; };
		B0F7BA94B6054DAABCF30E2C /* Gilroy-BlackItalic.ttf in Resources */ = {isa = PBXBuildFile; fileRef = 949A94E167654F799DBED3D2 /* Gilroy-BlackItalic.ttf */; };
		7646335146A2468EA1A581E1 /* Gilroy-Bold.ttf in Resources */ = {isa = PBXBuildFile; fileRef = D18857FD6B7A4A29AF438AF3 /* Gilroy-Bold.ttf */; };
		D88B4AA05AAD4BC9BF3F2C61 /* Gilroy-BoldItalic.ttf in Resources */ = {isa = PBXBuildFile; fileRef = C1F38E5FD0E049B5BF740B4F /* Gilroy-BoldItalic.ttf */; };
		3E331CADDBD54F2B8F06C1C1 /* Gilroy-ExtraBold.ttf in Resources */ = {isa = PBXBuildFile; fileRef = 8E6247A2F0E04D8AA8342654 /* Gilroy-ExtraBold.ttf */; };
		A44DC29FFD774CBA81E0DF28 /* Gilroy-ExtraBoldItalic.ttf in Resources */ = {isa = PBXBuildFile; fileRef = CEBAA29836224CC59B6DFA6E /* Gilroy-ExtraBoldItalic.ttf */; };
		72F2F78839F94BE591A41294 /* Gilroy-Heavy.ttf in Resources */ = {isa = PBXBuildFile; fileRef = C138E79BB3814FA595F7CB4D /* Gilroy-Heavy.ttf */; };
		1098E1E36B7D49C58B374F5C /* Gilroy-HeavyItalic.ttf in Resources */ = {isa = PBXBuildFile; fileRef = E388603D34534F50A408E5A5 /* Gilroy-HeavyItalic.ttf */; };
		6B06F46246974479BFE669C0 /* Gilroy-Light.ttf in Resources */ = {isa = PBXBuildFile; fileRef = D12EDCFAB6F84096BB233CBD /* Gilroy-Light.ttf */; };
		12FE7728915D42F2906402F1 /* Gilroy-LightItalic.ttf in Resources */ = {isa = PBXBuildFile; fileRef = E63D355BBE5E43C5BB412E33 /* Gilroy-LightItalic.ttf */; };
		76C9407BD2604D2FAADD1F05 /* Gilroy-Medium.ttf in Resources */ = {isa = PBXBuildFile; fileRef = 33A86C5ED2BB4FD19262B0FC /* Gilroy-Medium.ttf */; };
		FFA56608A2E74CD296C01AC4 /* Gilroy-MediumItalic.ttf in Resources */ = {isa = PBXBuildFile; fileRef = 764553D2FF9F4205BF4D5118 /* Gilroy-MediumItalic.ttf */; };
		465A00FB00CC46B19D75AC0D /* Gilroy-Regular.ttf in Resources */ = {isa = PBXBuildFile; fileRef = 7BA7A2D3A3F34B83BF5A2B26 /* Gilroy-Regular.ttf */; };
		757F9EDAFC3642A7AEF59392 /* Gilroy-RegularItalic.ttf in Resources */ = {isa = PBXBuildFile; fileRef = A75309D479CA407EBEB377E4 /* Gilroy-RegularItalic.ttf */; };
		19CA89FFE661459D9E05E141 /* Gilroy-SemiBold.ttf in Resources */ = {isa = PBXBuildFile; fileRef = 8728432C716244949582A726 /* Gilroy-SemiBold.ttf */; };
		7C443C3ACFCE4375A57530E3 /* Gilroy-SemiBoldItalic.ttf in Resources */ = {isa = PBXBuildFile; fileRef = 818B6B57EC114C5FA422DA40 /* Gilroy-SemiBoldItalic.ttf */; };
		1BFAC77DFCE54FFF8C4C0775 /* Gilroy-Thin.ttf in Resources */ = {isa = PBXBuildFile; fileRef = 41206D94A4C14443BE24DC1E /* Gilroy-Thin.ttf */; };
		252B85CAA3094BDE9969363A /* Gilroy-ThinItalic.ttf in Resources */ = {isa = PBXBuildFile; fileRef = CD989F07CEEB43F78DA689F7 /* Gilroy-ThinItalic.ttf */; };
		3745FF9C0ACC48A09ADF5A56 /* Gilroy-UltraLight.ttf in Resources */ = {isa = PBXBuildFile; fileRef = D7393E75EED2481398228B7B /* Gilroy-UltraLight.ttf */; };
		DAE07EE0DF414F06965562B1 /* Gilroy-UltraLightItalic.ttf in Resources */ = {isa = PBXBuildFile; fileRef = EC5F4C333F6C46EEAF63AD86 /* Gilroy-UltraLightItalic.ttf */; };
/* End PBXBuildFile section */

/* Begin PBXContainerItemProxy section */
		00E356F41AD99517003FC87E /* PBXContainerItemProxy */ = {
			isa = PBXContainerItemProxy;
			containerPortal = 83CBB9F71A601CBA00E9B192 /* Project object */;
			proxyType = 1;
			remoteGlobalIDString = 13B07F861A680F5B00A75B9A;
			remoteInfo = BookShelf;
		};
/* End PBXContainerItemProxy section */

/* Begin PBXFileReference section */
		00E356EE1AD99517003FC87E /* BookShelfTests.xctest */ = {isa = PBXFileReference; explicitFileType = wrapper.cfbundle; includeInIndex = 0; path = BookShelfTests.xctest; sourceTree = BUILT_PRODUCTS_DIR; };
		00E356F11AD99517003FC87E /* Info.plist */ = {isa = PBXFileReference; lastKnownFileType = text.plist.xml; path = Info.plist; sourceTree = "<group>"; };
		00E356F21AD99517003FC87E /* BookShelfTests.m */ = {isa = PBXFileReference; lastKnownFileType = sourcecode.c.objc; path = BookShelfTests.m; sourceTree = "<group>"; };
		1051E0F889F98A2C74B0ACA1 /* libPods-BookShelf-BookShelfTests.a */ = {isa = PBXFileReference; explicitFileType = archive.ar; includeInIndex = 0; path = "libPods-BookShelf-BookShelfTests.a"; sourceTree = BUILT_PRODUCTS_DIR; };
		13B07F961A680F5B00A75B9A /* BookShelf.app */ = {isa = PBXFileReference; explicitFileType = wrapper.application; includeInIndex = 0; path = BookShelf.app; sourceTree = BUILT_PRODUCTS_DIR; };
		13B07FAF1A68108700A75B9A /* AppDelegate.h */ = {isa = PBXFileReference; fileEncoding = 4; lastKnownFileType = sourcecode.c.h; name = AppDelegate.h; path = BookShelf/AppDelegate.h; sourceTree = "<group>"; };
		13B07FB01A68108700A75B9A /* AppDelegate.mm */ = {isa = PBXFileReference; fileEncoding = 4; lastKnownFileType = sourcecode.cpp.objcpp; name = AppDelegate.mm; path = BookShelf/AppDelegate.mm; sourceTree = "<group>"; };
		13B07FB51A68108700A75B9A /* Images.xcassets */ = {isa = PBXFileReference; lastKnownFileType = folder.assetcatalog; name = Images.xcassets; path = BookShelf/Images.xcassets; sourceTree = "<group>"; };
		13B07FB61A68108700A75B9A /* Info.plist */ = {isa = PBXFileReference; fileEncoding = 4; lastKnownFileType = text.plist.xml; name = Info.plist; path = BookShelf/Info.plist; sourceTree = "<group>"; };
		13B07FB71A68108700A75B9A /* main.m */ = {isa = PBXFileReference; fileEncoding = 4; lastKnownFileType = sourcecode.c.objc; name = main.m; path = BookShelf/main.m; sourceTree = "<group>"; };
		2A980F5D776B1988C650A044 /* Pods-BookShelf-BookShelfTests.debug.xcconfig */ = {isa = PBXFileReference; includeInIndex = 1; lastKnownFileType = text.xcconfig; name = "Pods-BookShelf-BookShelfTests.debug.xcconfig"; path = "Target Support Files/Pods-BookShelf-BookShelfTests/Pods-BookShelf-BookShelfTests.debug.xcconfig"; sourceTree = "<group>"; };
		4446CD102B94359F006AA0FA /* Fonts */ = {isa = PBXFileReference; lastKnownFileType = folder; path = Fonts; sourceTree = "<group>"; };
		4D23473083353C761F2394A7 /* Pods-BookShelf.debug.xcconfig */ = {isa = PBXFileReference; includeInIndex = 1; lastKnownFileType = text.xcconfig; name = "Pods-BookShelf.debug.xcconfig"; path = "Target Support Files/Pods-BookShelf/Pods-BookShelf.debug.xcconfig"; sourceTree = "<group>"; };
		66EA93668584DA6F8F724A1D /* Pods-BookShelf.release.xcconfig */ = {isa = PBXFileReference; includeInIndex = 1; lastKnownFileType = text.xcconfig; name = "Pods-BookShelf.release.xcconfig"; path = "Target Support Files/Pods-BookShelf/Pods-BookShelf.release.xcconfig"; sourceTree = "<group>"; };
		7835B04C851B2B7581809D42 /* libPods-BookShelf.a */ = {isa = PBXFileReference; explicitFileType = archive.ar; includeInIndex = 0; path = "libPods-BookShelf.a"; sourceTree = BUILT_PRODUCTS_DIR; };
		81AB9BB72411601600AC10FF /* LaunchScreen.storyboard */ = {isa = PBXFileReference; fileEncoding = 4; lastKnownFileType = file.storyboard; name = LaunchScreen.storyboard; path = BookShelf/LaunchScreen.storyboard; sourceTree = "<group>"; };
		E307FF0241F0680125488F1C /* Pods-BookShelf-BookShelfTests.release.xcconfig */ = {isa = PBXFileReference; includeInIndex = 1; lastKnownFileType = text.xcconfig; name = "Pods-BookShelf-BookShelfTests.release.xcconfig"; path = "Target Support Files/Pods-BookShelf-BookShelfTests/Pods-BookShelf-BookShelfTests.release.xcconfig"; sourceTree = "<group>"; };
		ED297162215061F000B7C4FE /* JavaScriptCore.framework */ = {isa = PBXFileReference; lastKnownFileType = wrapper.framework; name = JavaScriptCore.framework; path = System/Library/Frameworks/JavaScriptCore.framework; sourceTree = SDKROOT; };
		256013DA13C74517858F7DBF /* Gilroy-Black.ttf */ = {isa = PBXFileReference; name = "Gilroy-Black.ttf"; path = "../src/assets/fonts/Gilroy-Black.ttf"; sourceTree = "<group>"; fileEncoding = undefined; lastKnownFileType = unknown; explicitFileType = undefined; includeInIndex = 0; };
		949A94E167654F799DBED3D2 /* Gilroy-BlackItalic.ttf */ = {isa = PBXFileReference; name = "Gilroy-BlackItalic.ttf"; path = "../src/assets/fonts/Gilroy-BlackItalic.ttf"; sourceTree = "<group>"; fileEncoding = undefined; lastKnownFileType = unknown; explicitFileType = undefined; includeInIndex = 0; };
		D18857FD6B7A4A29AF438AF3 /* Gilroy-Bold.ttf */ = {isa = PBXFileReference; name = "Gilroy-Bold.ttf"; path = "../src/assets/fonts/Gilroy-Bold.ttf"; sourceTree = "<group>"; fileEncoding = undefined; lastKnownFileType = unknown; explicitFileType = undefined; includeInIndex = 0; };
		C1F38E5FD0E049B5BF740B4F /* Gilroy-BoldItalic.ttf */ = {isa = PBXFileReference; name = "Gilroy-BoldItalic.ttf"; path = "../src/assets/fonts/Gilroy-BoldItalic.ttf"; sourceTree = "<group>"; fileEncoding = undefined; lastKnownFileType = unknown; explicitFileType = undefined; includeInIndex = 0; };
		8E6247A2F0E04D8AA8342654 /* Gilroy-ExtraBold.ttf */ = {isa = PBXFileReference; name = "Gilroy-ExtraBold.ttf"; path = "../src/assets/fonts/Gilroy-ExtraBold.ttf"; sourceTree = "<group>"; fileEncoding = undefined; lastKnownFileType = unknown; explicitFileType = undefined; includeInIndex = 0; };
		CEBAA29836224CC59B6DFA6E /* Gilroy-ExtraBoldItalic.ttf */ = {isa = PBXFileReference; name = "Gilroy-ExtraBoldItalic.ttf"; path = "../src/assets/fonts/Gilroy-ExtraBoldItalic.ttf"; sourceTree = "<group>"; fileEncoding = undefined; lastKnownFileType = unknown; explicitFileType = undefined; includeInIndex = 0; };
		C138E79BB3814FA595F7CB4D /* Gilroy-Heavy.ttf */ = {isa = PBXFileReference; name = "Gilroy-Heavy.ttf"; path = "../src/assets/fonts/Gilroy-Heavy.ttf"; sourceTree = "<group>"; fileEncoding = undefined; lastKnownFileType = unknown; explicitFileType = undefined; includeInIndex = 0; };
		E388603D34534F50A408E5A5 /* Gilroy-HeavyItalic.ttf */ = {isa = PBXFileReference; name = "Gilroy-HeavyItalic.ttf"; path = "../src/assets/fonts/Gilroy-HeavyItalic.ttf"; sourceTree = "<group>"; fileEncoding = undefined; lastKnownFileType = unknown; explicitFileType = undefined; includeInIndex = 0; };
		D12EDCFAB6F84096BB233CBD /* Gilroy-Light.ttf */ = {isa = PBXFileReference; name = "Gilroy-Light.ttf"; path = "../src/assets/fonts/Gilroy-Light.ttf"; sourceTree = "<group>"; fileEncoding = undefined; lastKnownFileType = unknown; explicitFileType = undefined; includeInIndex = 0; };
		E63D355BBE5E43C5BB412E33 /* Gilroy-LightItalic.ttf */ = {isa = PBXFileReference; name = "Gilroy-LightItalic.ttf"; path = "../src/assets/fonts/Gilroy-LightItalic.ttf"; sourceTree = "<group>"; fileEncoding = undefined; lastKnownFileType = unknown; explicitFileType = undefined; includeInIndex = 0; };
		33A86C5ED2BB4FD19262B0FC /* Gilroy-Medium.ttf */ = {isa = PBXFileReference; name = "Gilroy-Medium.ttf"; path = "../src/assets/fonts/Gilroy-Medium.ttf"; sourceTree = "<group>"; fileEncoding = undefined; lastKnownFileType = unknown; explicitFileType = undefined; includeInIndex = 0; };
		764553D2FF9F4205BF4D5118 /* Gilroy-MediumItalic.ttf */ = {isa = PBXFileReference; name = "Gilroy-MediumItalic.ttf"; path = "../src/assets/fonts/Gilroy-MediumItalic.ttf"; sourceTree = "<group>"; fileEncoding = undefined; lastKnownFileType = unknown; explicitFileType = undefined; includeInIndex = 0; };
		7BA7A2D3A3F34B83BF5A2B26 /* Gilroy-Regular.ttf */ = {isa = PBXFileReference; name = "Gilroy-Regular.ttf"; path = "../src/assets/fonts/Gilroy-Regular.ttf"; sourceTree = "<group>"; fileEncoding = undefined; lastKnownFileType = unknown; explicitFileType = undefined; includeInIndex = 0; };
		A75309D479CA407EBEB377E4 /* Gilroy-RegularItalic.ttf */ = {isa = PBXFileReference; name = "Gilroy-RegularItalic.ttf"; path = "../src/assets/fonts/Gilroy-RegularItalic.ttf"; sourceTree = "<group>"; fileEncoding = undefined; lastKnownFileType = unknown; explicitFileType = undefined; includeInIndex = 0; };
		8728432C716244949582A726 /* Gilroy-SemiBold.ttf */ = {isa = PBXFileReference; name = "Gilroy-SemiBold.ttf"; path = "../src/assets/fonts/Gilroy-SemiBold.ttf"; sourceTree = "<group>"; fileEncoding = undefined; lastKnownFileType = unknown; explicitFileType = undefined; includeInIndex = 0; };
		818B6B57EC114C5FA422DA40 /* Gilroy-SemiBoldItalic.ttf */ = {isa = PBXFileReference; name = "Gilroy-SemiBoldItalic.ttf"; path = "../src/assets/fonts/Gilroy-SemiBoldItalic.ttf"; sourceTree = "<group>"; fileEncoding = undefined; lastKnownFileType = unknown; explicitFileType = undefined; includeInIndex = 0; };
		41206D94A4C14443BE24DC1E /* Gilroy-Thin.ttf */ = {isa = PBXFileReference; name = "Gilroy-Thin.ttf"; path = "../src/assets/fonts/Gilroy-Thin.ttf"; sourceTree = "<group>"; fileEncoding = undefined; lastKnownFileType = unknown; explicitFileType = undefined; includeInIndex = 0; };
		CD989F07CEEB43F78DA689F7 /* Gilroy-ThinItalic.ttf */ = {isa = PBXFileReference; name = "Gilroy-ThinItalic.ttf"; path = "../src/assets/fonts/Gilroy-ThinItalic.ttf"; sourceTree = "<group>"; fileEncoding = undefined; lastKnownFileType = unknown; explicitFileType = undefined; includeInIndex = 0; };
		D7393E75EED2481398228B7B /* Gilroy-UltraLight.ttf */ = {isa = PBXFileReference; name = "Gilroy-UltraLight.ttf"; path = "../src/assets/fonts/Gilroy-UltraLight.ttf"; sourceTree = "<group>"; fileEncoding = undefined; lastKnownFileType = unknown; explicitFileType = undefined; includeInIndex = 0; };
		EC5F4C333F6C46EEAF63AD86 /* Gilroy-UltraLightItalic.ttf */ = {isa = PBXFileReference; name = "Gilroy-UltraLightItalic.ttf"; path = "../src/assets/fonts/Gilroy-UltraLightItalic.ttf"; sourceTree = "<group>"; fileEncoding = undefined; lastKnownFileType = unknown; explicitFileType = undefined; includeInIndex = 0; };
/* End PBXFileReference section */

/* Begin PBXFrameworksBuildPhase section */
		00E356EB1AD99517003FC87E /* Frameworks */ = {
			isa = PBXFrameworksBuildPhase;
			buildActionMask = 2147483647;
			files = (
				DAA2127A8592A62C9B9FE259 /* libPods-BookShelf-BookShelfTests.a in Frameworks */,
			);
			runOnlyForDeploymentPostprocessing = 0;
		};
		13B07F8C1A680F5B00A75B9A /* Frameworks */ = {
			isa = PBXFrameworksBuildPhase;
			buildActionMask = 2147483647;
			files = (
				24E79195F315435805C248F0 /* libPods-BookShelf.a in Frameworks */,
			);
			runOnlyForDeploymentPostprocessing = 0;
		};
/* End PBXFrameworksBuildPhase section */

/* Begin PBXGroup section */
		00E356EF1AD99517003FC87E /* BookShelfTests */ = {
			isa = PBXGroup;
			children = (
				00E356F21AD99517003FC87E /* BookShelfTests.m */,
				00E356F01AD99517003FC87E /* Supporting Files */,
			);
			path = BookShelfTests;
			sourceTree = "<group>";
		};
		00E356F01AD99517003FC87E /* Supporting Files */ = {
			isa = PBXGroup;
			children = (
				00E356F11AD99517003FC87E /* Info.plist */,
			);
			name = "Supporting Files";
			sourceTree = "<group>";
		};
		13B07FAE1A68108700A75B9A /* BookShelf */ = {
			isa = PBXGroup;
			children = (
				4446CD102B94359F006AA0FA /* Fonts */,
				13B07FAF1A68108700A75B9A /* AppDelegate.h */,
				13B07FB01A68108700A75B9A /* AppDelegate.mm */,
				13B07FB51A68108700A75B9A /* Images.xcassets */,
				13B07FB61A68108700A75B9A /* Info.plist */,
				81AB9BB72411601600AC10FF /* LaunchScreen.storyboard */,
				13B07FB71A68108700A75B9A /* main.m */,
			);
			name = BookShelf;
			sourceTree = "<group>";
		};
		2D16E6871FA4F8E400B85C8A /* Frameworks */ = {
			isa = PBXGroup;
			children = (
				ED297162215061F000B7C4FE /* JavaScriptCore.framework */,
				7835B04C851B2B7581809D42 /* libPods-BookShelf.a */,
				1051E0F889F98A2C74B0ACA1 /* libPods-BookShelf-BookShelfTests.a */,
			);
			name = Frameworks;
			sourceTree = "<group>";
		};
		74B502374F1E48C483A3611F /* Resources */ = {
			isa = PBXGroup;
			children = (
				256013DA13C74517858F7DBF /* Gilroy-Black.ttf */,
				949A94E167654F799DBED3D2 /* Gilroy-BlackItalic.ttf */,
				D18857FD6B7A4A29AF438AF3 /* Gilroy-Bold.ttf */,
				C1F38E5FD0E049B5BF740B4F /* Gilroy-BoldItalic.ttf */,
				8E6247A2F0E04D8AA8342654 /* Gilroy-ExtraBold.ttf */,
				CEBAA29836224CC59B6DFA6E /* Gilroy-ExtraBoldItalic.ttf */,
				C138E79BB3814FA595F7CB4D /* Gilroy-Heavy.ttf */,
				E388603D34534F50A408E5A5 /* Gilroy-HeavyItalic.ttf */,
				D12EDCFAB6F84096BB233CBD /* Gilroy-Light.ttf */,
				E63D355BBE5E43C5BB412E33 /* Gilroy-LightItalic.ttf */,
				33A86C5ED2BB4FD19262B0FC /* Gilroy-Medium.ttf */,
				764553D2FF9F4205BF4D5118 /* Gilroy-MediumItalic.ttf */,
				7BA7A2D3A3F34B83BF5A2B26 /* Gilroy-Regular.ttf */,
				A75309D479CA407EBEB377E4 /* Gilroy-RegularItalic.ttf */,
				8728432C716244949582A726 /* Gilroy-SemiBold.ttf */,
				818B6B57EC114C5FA422DA40 /* Gilroy-SemiBoldItalic.ttf */,
				41206D94A4C14443BE24DC1E /* Gilroy-Thin.ttf */,
				CD989F07CEEB43F78DA689F7 /* Gilroy-ThinItalic.ttf */,
				D7393E75EED2481398228B7B /* Gilroy-UltraLight.ttf */,
				EC5F4C333F6C46EEAF63AD86 /* Gilroy-UltraLightItalic.ttf */,
			);
			name = Resources;
			sourceTree = "<group>";
		};
		832341AE1AAA6A7D00B99B32 /* Libraries */ = {
			isa = PBXGroup;
			children = (
			);
			name = Libraries;
			sourceTree = "<group>";
		};
		83CBB9F61A601CBA00E9B192 = {
			isa = PBXGroup;
			children = (
				13B07FAE1A68108700A75B9A /* BookShelf */,
				832341AE1AAA6A7D00B99B32 /* Libraries */,
				00E356EF1AD99517003FC87E /* BookShelfTests */,
				83CBBA001A601CBA00E9B192 /* Products */,
				2D16E6871FA4F8E400B85C8A /* Frameworks */,
				BBD78D7AC51CEA395F1C20DB /* Pods */,
				74B502374F1E48C483A3611F /* Resources */,
			);
			indentWidth = 2;
			sourceTree = "<group>";
			tabWidth = 2;
			usesTabs = 0;
		};
		83CBBA001A601CBA00E9B192 /* Products */ = {
			isa = PBXGroup;
			children = (
				13B07F961A680F5B00A75B9A /* BookShelf.app */,
				00E356EE1AD99517003FC87E /* BookShelfTests.xctest */,
			);
			name = Products;
			sourceTree = "<group>";
		};
		BBD78D7AC51CEA395F1C20DB /* Pods */ = {
			isa = PBXGroup;
			children = (
				4D23473083353C761F2394A7 /* Pods-BookShelf.debug.xcconfig */,
				66EA93668584DA6F8F724A1D /* Pods-BookShelf.release.xcconfig */,
				2A980F5D776B1988C650A044 /* Pods-BookShelf-BookShelfTests.debug.xcconfig */,
				E307FF0241F0680125488F1C /* Pods-BookShelf-BookShelfTests.release.xcconfig */,
			);
			path = Pods;
			sourceTree = "<group>";
		};
/* End PBXGroup section */

/* Begin PBXNativeTarget section */
		00E356ED1AD99517003FC87E /* BookShelfTests */ = {
			isa = PBXNativeTarget;
			buildConfigurationList = 00E357021AD99517003FC87E /* Build configuration list for PBXNativeTarget "BookShelfTests" */;
			buildPhases = (
				69C00107DC54A591FFA370A7 /* [CP] Check Pods Manifest.lock */,
				00E356EA1AD99517003FC87E /* Sources */,
				00E356EB1AD99517003FC87E /* Frameworks */,
				00E356EC1AD99517003FC87E /* Resources */,
				9E14C95AA13BA4574492B9FB /* [CP] Embed Pods Frameworks */,
				C1BF22A16108A273B7AA2064 /* [CP] Copy Pods Resources */,
			);
			buildRules = (
			);
			dependencies = (
				00E356F51AD99517003FC87E /* PBXTargetDependency */,
			);
			name = BookShelfTests;
			productName = BookShelfTests;
			productReference = 00E356EE1AD99517003FC87E /* BookShelfTests.xctest */;
			productType = "com.apple.product-type.bundle.unit-test";
		};
		13B07F861A680F5B00A75B9A /* BookShelf */ = {
			isa = PBXNativeTarget;
			buildConfigurationList = 13B07F931A680F5B00A75B9A /* Build configuration list for PBXNativeTarget "BookShelf" */;
			buildPhases = (
				AD0A0EEBEE8078A79112924C /* [CP] Check Pods Manifest.lock */,
				FD10A7F022414F080027D42C /* Start Packager */,
				13B07F871A680F5B00A75B9A /* Sources */,
				13B07F8C1A680F5B00A75B9A /* Frameworks */,
				13B07F8E1A680F5B00A75B9A /* Resources */,
				00DD1BFF1BD5951E006B06BC /* Bundle React Native code and images */,
				1E521A5A0DCF1F02BA501BBB /* [CP] Embed Pods Frameworks */,
				85A930A62B788FA2B8130C49 /* [CP] Copy Pods Resources */,
			);
			buildRules = (
			);
			dependencies = (
			);
			name = BookShelf;
			productName = BookShelf;
			productReference = 13B07F961A680F5B00A75B9A /* BookShelf.app */;
			productType = "com.apple.product-type.application";
		};
/* End PBXNativeTarget section */

/* Begin PBXProject section */
		83CBB9F71A601CBA00E9B192 /* Project object */ = {
			isa = PBXProject;
			attributes = {
				LastUpgradeCheck = 1210;
				TargetAttributes = {
					00E356ED1AD99517003FC87E = {
						CreatedOnToolsVersion = 6.2;
						TestTargetID = 13B07F861A680F5B00A75B9A;
					};
					13B07F861A680F5B00A75B9A = {
						LastSwiftMigration = 1120;
					};
				};
			};
			buildConfigurationList = 83CBB9FA1A601CBA00E9B192 /* Build configuration list for PBXProject "BookShelf" */;
			compatibilityVersion = "Xcode 12.0";
			developmentRegion = en;
			hasScannedForEncodings = 0;
			knownRegions = (
				en,
				Base,
			);
			mainGroup = 83CBB9F61A601CBA00E9B192;
			productRefGroup = 83CBBA001A601CBA00E9B192 /* Products */;
			projectDirPath = "";
			projectRoot = "";
			targets = (
				13B07F861A680F5B00A75B9A /* BookShelf */,
				00E356ED1AD99517003FC87E /* BookShelfTests */,
			);
		};
/* End PBXProject section */

/* Begin PBXResourcesBuildPhase section */
		00E356EC1AD99517003FC87E /* Resources */ = {
			isa = PBXResourcesBuildPhase;
			buildActionMask = 2147483647;
			files = (
			);
			runOnlyForDeploymentPostprocessing = 0;
		};
		13B07F8E1A680F5B00A75B9A /* Resources */ = {
			isa = PBXResourcesBuildPhase;
			buildActionMask = 2147483647;
			files = (
				4446CD112B94359F006AA0FA /* Fonts in Resources */,
				81AB9BB82411601600AC10FF /* LaunchScreen.storyboard in Resources */,
				13B07FBF1A68108700A75B9A /* Images.xcassets in Resources */,
				E1F888A1EB0749A5B9919F8C /* Gilroy-Black.ttf in Resources */,
				B0F7BA94B6054DAABCF30E2C /* Gilroy-BlackItalic.ttf in Resources */,
				7646335146A2468EA1A581E1 /* Gilroy-Bold.ttf in Resources */,
				D88B4AA05AAD4BC9BF3F2C61 /* Gilroy-BoldItalic.ttf in Resources */,
				3E331CADDBD54F2B8F06C1C1 /* Gilroy-ExtraBold.ttf in Resources */,
				A44DC29FFD774CBA81E0DF28 /* Gilroy-ExtraBoldItalic.ttf in Resources */,
				72F2F78839F94BE591A41294 /* Gilroy-Heavy.ttf in Resources */,
				1098E1E36B7D49C58B374F5C /* Gilroy-HeavyItalic.ttf in Resources */,
				6B06F46246974479BFE669C0 /* Gilroy-Light.ttf in Resources */,
				12FE7728915D42F2906402F1 /* Gilroy-LightItalic.ttf in Resources */,
				76C9407BD2604D2FAADD1F05 /* Gilroy-Medium.ttf in Resources */,
				FFA56608A2E74CD296C01AC4 /* Gilroy-MediumItalic.ttf in Resources */,
				465A00FB00CC46B19D75AC0D /* Gilroy-Regular.ttf in Resources */,
				757F9EDAFC3642A7AEF59392 /* Gilroy-RegularItalic.ttf in Resources */,
				19CA89FFE661459D9E05E141 /* Gilroy-SemiBold.ttf in Resources */,
				7C443C3ACFCE4375A57530E3 /* Gilroy-SemiBoldItalic.ttf in Resources */,
				1BFAC77DFCE54FFF8C4C0775 /* Gilroy-Thin.ttf in Resources */,
				252B85CAA3094BDE9969363A /* Gilroy-ThinItalic.ttf in Resources */,
				3745FF9C0ACC48A09ADF5A56 /* Gilroy-UltraLight.ttf in Resources */,
				DAE07EE0DF414F06965562B1 /* Gilroy-UltraLightItalic.ttf in Resources */,
			);
			runOnlyForDeploymentPostprocessing = 0;
		};
/* End PBXResourcesBuildPhase section */

/* Begin PBXShellScriptBuildPhase section */
		00DD1BFF1BD5951E006B06BC /* Bundle React Native code and images */ = {
			isa = PBXShellScriptBuildPhase;
			buildActionMask = 2147483647;
			files = (
			);
			inputPaths = (
				"$(SRCROOT)/.xcode.env.local",
				"$(SRCROOT)/.xcode.env",
			);
			name = "Bundle React Native code and images";
			outputPaths = (
			);
			runOnlyForDeploymentPostprocessing = 0;
			shellPath = /bin/sh;
			shellScript = "set -e\n\nWITH_ENVIRONMENT=\"../node_modules/react-native/scripts/xcode/with-environment.sh\"\nREACT_NATIVE_XCODE=\"../node_modules/react-native/scripts/react-native-xcode.sh\"\n\n/bin/sh -c \"$WITH_ENVIRONMENT $REACT_NATIVE_XCODE\"\n";
		};
		1E521A5A0DCF1F02BA501BBB /* [CP] Embed Pods Frameworks */ = {
			isa = PBXShellScriptBuildPhase;
			buildActionMask = 2147483647;
			files = (
			);
			inputFileListPaths = (
				"${PODS_ROOT}/Target Support Files/Pods-BookShelf/Pods-BookShelf-frameworks-${CONFIGURATION}-input-files.xcfilelist",
			);
			name = "[CP] Embed Pods Frameworks";
			outputFileListPaths = (
				"${PODS_ROOT}/Target Support Files/Pods-BookShelf/Pods-BookShelf-frameworks-${CONFIGURATION}-output-files.xcfilelist",
			);
			runOnlyForDeploymentPostprocessing = 0;
			shellPath = /bin/sh;
			shellScript = "\"${PODS_ROOT}/Target Support Files/Pods-BookShelf/Pods-BookShelf-frameworks.sh\"\n";
			showEnvVarsInLog = 0;
		};
		69C00107DC54A591FFA370A7 /* [CP] Check Pods Manifest.lock */ = {
			isa = PBXShellScriptBuildPhase;
			buildActionMask = 2147483647;
			files = (
			);
			inputFileListPaths = (
			);
			inputPaths = (
				"${PODS_PODFILE_DIR_PATH}/Podfile.lock",
				"${PODS_ROOT}/Manifest.lock",
			);
			name = "[CP] Check Pods Manifest.lock";
			outputFileListPaths = (
			);
			outputPaths = (
				"$(DERIVED_FILE_DIR)/Pods-BookShelf-BookShelfTests-checkManifestLockResult.txt",
			);
			runOnlyForDeploymentPostprocessing = 0;
			shellPath = /bin/sh;
			shellScript = "diff \"${PODS_PODFILE_DIR_PATH}/Podfile.lock\" \"${PODS_ROOT}/Manifest.lock\" > /dev/null\nif [ $? != 0 ] ; then\n    # print error to STDERR\n    echo \"error: The sandbox is not in sync with the Podfile.lock. Run 'pod install' or update your CocoaPods installation.\" >&2\n    exit 1\nfi\n# This output is used by Xcode 'outputs' to avoid re-running this script phase.\necho \"SUCCESS\" > \"${SCRIPT_OUTPUT_FILE_0}\"\n";
			showEnvVarsInLog = 0;
		};
		85A930A62B788FA2B8130C49 /* [CP] Copy Pods Resources */ = {
			isa = PBXShellScriptBuildPhase;
			buildActionMask = 2147483647;
			files = (
			);
			inputFileListPaths = (
				"${PODS_ROOT}/Target Support Files/Pods-BookShelf/Pods-BookShelf-resources-${CONFIGURATION}-input-files.xcfilelist",
			);
			name = "[CP] Copy Pods Resources";
			outputFileListPaths = (
				"${PODS_ROOT}/Target Support Files/Pods-BookShelf/Pods-BookShelf-resources-${CONFIGURATION}-output-files.xcfilelist",
			);
			runOnlyForDeploymentPostprocessing = 0;
			shellPath = /bin/sh;
			shellScript = "\"${PODS_ROOT}/Target Support Files/Pods-BookShelf/Pods-BookShelf-resources.sh\"\n";
			showEnvVarsInLog = 0;
		};
		9E14C95AA13BA4574492B9FB /* [CP] Embed Pods Frameworks */ = {
			isa = PBXShellScriptBuildPhase;
			buildActionMask = 2147483647;
			files = (
			);
			inputFileListPaths = (
				"${PODS_ROOT}/Target Support Files/Pods-BookShelf-BookShelfTests/Pods-BookShelf-BookShelfTests-frameworks-${CONFIGURATION}-input-files.xcfilelist",
			);
			name = "[CP] Embed Pods Frameworks";
			outputFileListPaths = (
				"${PODS_ROOT}/Target Support Files/Pods-BookShelf-BookShelfTests/Pods-BookShelf-BookShelfTests-frameworks-${CONFIGURATION}-output-files.xcfilelist",
			);
			runOnlyForDeploymentPostprocessing = 0;
			shellPath = /bin/sh;
			shellScript = "\"${PODS_ROOT}/Target Support Files/Pods-BookShelf-BookShelfTests/Pods-BookShelf-BookShelfTests-frameworks.sh\"\n";
			showEnvVarsInLog = 0;
		};
		AD0A0EEBEE8078A79112924C /* [CP] Check Pods Manifest.lock */ = {
			isa = PBXShellScriptBuildPhase;
			buildActionMask = 2147483647;
			files = (
			);
			inputFileListPaths = (
			);
			inputPaths = (
				"${PODS_PODFILE_DIR_PATH}/Podfile.lock",
				"${PODS_ROOT}/Manifest.lock",
			);
			name = "[CP] Check Pods Manifest.lock";
			outputFileListPaths = (
			);
			outputPaths = (
				"$(DERIVED_FILE_DIR)/Pods-BookShelf-checkManifestLockResult.txt",
			);
			runOnlyForDeploymentPostprocessing = 0;
			shellPath = /bin/sh;
			shellScript = "diff \"${PODS_PODFILE_DIR_PATH}/Podfile.lock\" \"${PODS_ROOT}/Manifest.lock\" > /dev/null\nif [ $? != 0 ] ; then\n    # print error to STDERR\n    echo \"error: The sandbox is not in sync with the Podfile.lock. Run 'pod install' or update your CocoaPods installation.\" >&2\n    exit 1\nfi\n# This output is used by Xcode 'outputs' to avoid re-running this script phase.\necho \"SUCCESS\" > \"${SCRIPT_OUTPUT_FILE_0}\"\n";
			showEnvVarsInLog = 0;
		};
		C1BF22A16108A273B7AA2064 /* [CP] Copy Pods Resources */ = {
			isa = PBXShellScriptBuildPhase;
			buildActionMask = 2147483647;
			files = (
			);
			inputFileListPaths = (
				"${PODS_ROOT}/Target Support Files/Pods-BookShelf-BookShelfTests/Pods-BookShelf-BookShelfTests-resources-${CONFIGURATION}-input-files.xcfilelist",
			);
			name = "[CP] Copy Pods Resources";
			outputFileListPaths = (
				"${PODS_ROOT}/Target Support Files/Pods-BookShelf-BookShelfTests/Pods-BookShelf-BookShelfTests-resources-${CONFIGURATION}-output-files.xcfilelist",
			);
			runOnlyForDeploymentPostprocessing = 0;
			shellPath = /bin/sh;
			shellScript = "\"${PODS_ROOT}/Target Support Files/Pods-BookShelf-BookShelfTests/Pods-BookShelf-BookShelfTests-resources.sh\"\n";
			showEnvVarsInLog = 0;
		};
		FD10A7F022414F080027D42C /* Start Packager */ = {
			isa = PBXShellScriptBuildPhase;
			buildActionMask = 2147483647;
			files = (
			);
			inputFileListPaths = (
			);
			inputPaths = (
			);
			name = "Start Packager";
			outputFileListPaths = (
			);
			outputPaths = (
			);
			runOnlyForDeploymentPostprocessing = 0;
			shellPath = /bin/sh;
			shellScript = "export RCT_METRO_PORT=\"${RCT_METRO_PORT:=8081}\"\necho \"export RCT_METRO_PORT=${RCT_METRO_PORT}\" > \"${SRCROOT}/../node_modules/react-native/scripts/.packager.env\"\nif [ -z \"${RCT_NO_LAUNCH_PACKAGER+xxx}\" ] ; then\n  if nc -w 5 -z localhost ${RCT_METRO_PORT} ; then\n    if ! curl -s \"http://localhost:${RCT_METRO_PORT}/status\" | grep -q \"packager-status:running\" ; then\n      echo \"Port ${RCT_METRO_PORT} already in use, packager is either not running or not running correctly\"\n      exit 2\n    fi\n  else\n    open \"$SRCROOT/../node_modules/react-native/scripts/launchPackager.command\" || echo \"Can't start packager automatically\"\n  fi\nfi\n";
			showEnvVarsInLog = 0;
		};
/* End PBXShellScriptBuildPhase section */

/* Begin PBXSourcesBuildPhase section */
		00E356EA1AD99517003FC87E /* Sources */ = {
			isa = PBXSourcesBuildPhase;
			buildActionMask = 2147483647;
			files = (
				00E356F31AD99517003FC87E /* BookShelfTests.m in Sources */,
			);
			runOnlyForDeploymentPostprocessing = 0;
		};
		13B07F871A680F5B00A75B9A /* Sources */ = {
			isa = PBXSourcesBuildPhase;
			buildActionMask = 2147483647;
			files = (
				13B07FBC1A68108700A75B9A /* AppDelegate.mm in Sources */,
				13B07FC11A68108700A75B9A /* main.m in Sources */,
			);
			runOnlyForDeploymentPostprocessing = 0;
		};
/* End PBXSourcesBuildPhase section */

/* Begin PBXTargetDependency section */
		00E356F51AD99517003FC87E /* PBXTargetDependency */ = {
			isa = PBXTargetDependency;
			target = 13B07F861A680F5B00A75B9A /* BookShelf */;
			targetProxy = 00E356F41AD99517003FC87E /* PBXContainerItemProxy */;
		};
/* End PBXTargetDependency section */

/* Begin XCBuildConfiguration section */
		00E356F61AD99517003FC87E /* Debug */ = {
			isa = XCBuildConfiguration;
			baseConfigurationReference = 2A980F5D776B1988C650A044 /* Pods-BookShelf-BookShelfTests.debug.xcconfig */;
			buildSettings = {
				BUNDLE_LOADER = "$(TEST_HOST)";
				GCC_PREPROCESSOR_DEFINITIONS = (
					"DEBUG=1",
					"$(inherited)",
				);
				INFOPLIST_FILE = BookShelfTests/Info.plist;
				IPHONEOS_DEPLOYMENT_TARGET = 12.4;
				LD_RUNPATH_SEARCH_PATHS = (
					"$(inherited)",
					"@executable_path/Frameworks",
					"@loader_path/Frameworks",
				);
				OTHER_LDFLAGS = (
					"-ObjC",
					"-lc++",
					"$(inherited)",
				);
				PRODUCT_BUNDLE_IDENTIFIER = com.bookshelf;
				PRODUCT_NAME = "$(TARGET_NAME)";
				TEST_HOST = "$(BUILT_PRODUCTS_DIR)/BookShelf.app/BookShelf";
			};
			name = Debug;
		};
		00E356F71AD99517003FC87E /* Release */ = {
			isa = XCBuildConfiguration;
			baseConfigurationReference = E307FF0241F0680125488F1C /* Pods-BookShelf-BookShelfTests.release.xcconfig */;
			buildSettings = {
				BUNDLE_LOADER = "$(TEST_HOST)";
				COPY_PHASE_STRIP = NO;
				INFOPLIST_FILE = BookShelfTests/Info.plist;
				IPHONEOS_DEPLOYMENT_TARGET = 12.4;
				LD_RUNPATH_SEARCH_PATHS = (
					"$(inherited)",
					"@executable_path/Frameworks",
					"@loader_path/Frameworks",
				);
				OTHER_LDFLAGS = (
					"-ObjC",
					"-lc++",
					"$(inherited)",
				);
				PRODUCT_BUNDLE_IDENTIFIER = com.bookshelf;
				PRODUCT_NAME = "$(TARGET_NAME)";
				TEST_HOST = "$(BUILT_PRODUCTS_DIR)/BookShelf.app/BookShelf";
			};
			name = Release;
		};
		13B07F941A680F5B00A75B9A /* Debug */ = {
			isa = XCBuildConfiguration;
			baseConfigurationReference = 4D23473083353C761F2394A7 /* Pods-BookShelf.debug.xcconfig */;
			buildSettings = {
				ASSETCATALOG_COMPILER_APPICON_NAME = AppIcon;
				CLANG_ENABLE_MODULES = YES;
				CURRENT_PROJECT_VERSION = 1;
				DEVELOPMENT_TEAM = RNMA4K797A;
				ENABLE_BITCODE = NO;
				INFOPLIST_FILE = BookShelf/Info.plist;
				INFOPLIST_KEY_CFBundleDisplayName = BookShelf;
				LD_RUNPATH_SEARCH_PATHS = (
					"$(inherited)",
					"@executable_path/Frameworks",
				);
				MARKETING_VERSION = 1.0;
				OTHER_LDFLAGS = (
					"$(inherited)",
					"-ObjC",
					"-lc++",
				);
				PRODUCT_BUNDLE_IDENTIFIER = com.bookshelf;
				PRODUCT_NAME = BookShelf;
				SUPPORTED_PLATFORMS = "iphoneos iphonesimulator";
				SUPPORTS_MACCATALYST = NO;
				SUPPORTS_MAC_DESIGNED_FOR_IPHONE_IPAD = NO;
				SWIFT_OPTIMIZATION_LEVEL = "-Onone";
				SWIFT_VERSION = 5.0;
				TARGETED_DEVICE_FAMILY = 1;
				VERSIONING_SYSTEM = "apple-generic";
			};
			name = Debug;
		};
		13B07F951A680F5B00A75B9A /* Release */ = {
			isa = XCBuildConfiguration;
			baseConfigurationReference = 66EA93668584DA6F8F724A1D /* Pods-BookShelf.release.xcconfig */;
			buildSettings = {
				ASSETCATALOG_COMPILER_APPICON_NAME = AppIcon;
				CLANG_ENABLE_MODULES = YES;
				CURRENT_PROJECT_VERSION = 1;
				DEVELOPMENT_TEAM = RNMA4K797A;
				INFOPLIST_FILE = BookShelf/Info.plist;
				INFOPLIST_KEY_CFBundleDisplayName = BookShelf;
				LD_RUNPATH_SEARCH_PATHS = (
					"$(inherited)",
					"@executable_path/Frameworks",
				);
				MARKETING_VERSION = 1.0;
				OTHER_LDFLAGS = (
					"$(inherited)",
					"-ObjC",
					"-lc++",
				);
				PRODUCT_BUNDLE_IDENTIFIER = com.bookshelf;
				PRODUCT_NAME = BookShelf;
				SUPPORTED_PLATFORMS = "iphoneos iphonesimulator";
				SUPPORTS_MACCATALYST = NO;
				SUPPORTS_MAC_DESIGNED_FOR_IPHONE_IPAD = NO;
				SWIFT_VERSION = 5.0;
				TARGETED_DEVICE_FAMILY = 1;
				VERSIONING_SYSTEM = "apple-generic";
			};
			name = Release;
		};
		83CBBA201A601CBA00E9B192 /* Debug */ = {
			isa = XCBuildConfiguration;
			buildSettings = {
				ALWAYS_SEARCH_USER_PATHS = NO;
				CLANG_ANALYZER_LOCALIZABILITY_NONLOCALIZED = YES;
				CLANG_CXX_LANGUAGE_STANDARD = "c++17";
				CLANG_CXX_LIBRARY = "libc++";
				CLANG_ENABLE_MODULES = YES;
				CLANG_ENABLE_OBJC_ARC = YES;
				CLANG_WARN_BLOCK_CAPTURE_AUTORELEASING = YES;
				CLANG_WARN_BOOL_CONVERSION = YES;
				CLANG_WARN_COMMA = YES;
				CLANG_WARN_CONSTANT_CONVERSION = YES;
				CLANG_WARN_DEPRECATED_OBJC_IMPLEMENTATIONS = YES;
				CLANG_WARN_DIRECT_OBJC_ISA_USAGE = YES_ERROR;
				CLANG_WARN_EMPTY_BODY = YES;
				CLANG_WARN_ENUM_CONVERSION = YES;
				CLANG_WARN_INFINITE_RECURSION = YES;
				CLANG_WARN_INT_CONVERSION = YES;
				CLANG_WARN_NON_LITERAL_NULL_CONVERSION = YES;
				CLANG_WARN_OBJC_IMPLICIT_RETAIN_SELF = YES;
				CLANG_WARN_OBJC_LITERAL_CONVERSION = YES;
				CLANG_WARN_OBJC_ROOT_CLASS = YES_ERROR;
				CLANG_WARN_QUOTED_INCLUDE_IN_FRAMEWORK_HEADER = YES;
				CLANG_WARN_RANGE_LOOP_ANALYSIS = YES;
				CLANG_WARN_STRICT_PROTOTYPES = YES;
				CLANG_WARN_SUSPICIOUS_MOVE = YES;
				CLANG_WARN_UNREACHABLE_CODE = YES;
				CLANG_WARN__DUPLICATE_METHOD_MATCH = YES;
				"CODE_SIGN_IDENTITY[sdk=iphoneos*]" = "iPhone Developer";
				COPY_PHASE_STRIP = NO;
				ENABLE_STRICT_OBJC_MSGSEND = YES;
				ENABLE_TESTABILITY = YES;
				"EXCLUDED_ARCHS[sdk=iphonesimulator*]" = i386;
				GCC_C_LANGUAGE_STANDARD = gnu99;
				GCC_DYNAMIC_NO_PIC = NO;
				GCC_NO_COMMON_BLOCKS = YES;
				GCC_OPTIMIZATION_LEVEL = 0;
				GCC_PREPROCESSOR_DEFINITIONS = (
					"DEBUG=1",
					"$(inherited)",
					_LIBCPP_ENABLE_CXX17_REMOVED_UNARY_BINARY_FUNCTION,
				);
				GCC_SYMBOLS_PRIVATE_EXTERN = NO;
				GCC_WARN_64_TO_32_BIT_CONVERSION = YES;
				GCC_WARN_ABOUT_RETURN_TYPE = YES_ERROR;
				GCC_WARN_UNDECLARED_SELECTOR = YES;
				GCC_WARN_UNINITIALIZED_AUTOS = YES_AGGRESSIVE;
				GCC_WARN_UNUSED_FUNCTION = YES;
				GCC_WARN_UNUSED_VARIABLE = YES;
				IPHONEOS_DEPLOYMENT_TARGET = 12.4;
				LD_RUNPATH_SEARCH_PATHS = (
					/usr/lib/swift,
					"$(inherited)",
				);
				LIBRARY_SEARCH_PATHS = (
					"\"$(SDKROOT)/usr/lib/swift\"",
					"\"$(TOOLCHAIN_DIR)/usr/lib/swift/$(PLATFORM_NAME)\"",
					"\"$(inherited)\"",
				);
				MTL_ENABLE_DEBUG_INFO = YES;
				ONLY_ACTIVE_ARCH = YES;
				OTHER_CFLAGS = "$(inherited)";
				OTHER_CPLUSPLUSFLAGS = (
					"$(OTHER_CFLAGS)",
					"-DFOLLY_NO_CONFIG",
					"-DFOLLY_MOBILE=1",
					"-DFOLLY_USE_LIBCPP=1",
				);
				OTHER_LDFLAGS = (
					"$(inherited)",
					" ",
				);
				REACT_NATIVE_PATH = "${PODS_ROOT}/../../node_modules/react-native";
				SDKROOT = iphoneos;
			};
			name = Debug;
		};
		83CBBA211A601CBA00E9B192 /* Release */ = {
			isa = XCBuildConfiguration;
			buildSettings = {
				ALWAYS_SEARCH_USER_PATHS = NO;
				CLANG_ANALYZER_LOCALIZABILITY_NONLOCALIZED = YES;
				CLANG_CXX_LANGUAGE_STANDARD = "c++17";
				CLANG_CXX_LIBRARY = "libc++";
				CLANG_ENABLE_MODULES = YES;
				CLANG_ENABLE_OBJC_ARC = YES;
				CLANG_WARN_BLOCK_CAPTURE_AUTORELEASING = YES;
				CLANG_WARN_BOOL_CONVERSION = YES;
				CLANG_WARN_COMMA = YES;
				CLANG_WARN_CONSTANT_CONVERSION = YES;
				CLANG_WARN_DEPRECATED_OBJC_IMPLEMENTATIONS = YES;
				CLANG_WARN_DIRECT_OBJC_ISA_USAGE = YES_ERROR;
				CLANG_WARN_EMPTY_BODY = YES;
				CLANG_WARN_ENUM_CONVERSION = YES;
				CLANG_WARN_INFINITE_RECURSION = YES;
				CLANG_WARN_INT_CONVERSION = YES;
				CLANG_WARN_NON_LITERAL_NULL_CONVERSION = YES;
				CLANG_WARN_OBJC_IMPLICIT_RETAIN_SELF = YES;
				CLANG_WARN_OBJC_LITERAL_CONVERSION = YES;
				CLANG_WARN_OBJC_ROOT_CLASS = YES_ERROR;
				CLANG_WARN_QUOTED_INCLUDE_IN_FRAMEWORK_HEADER = YES;
				CLANG_WARN_RANGE_LOOP_ANALYSIS = YES;
				CLANG_WARN_STRICT_PROTOTYPES = YES;
				CLANG_WARN_SUSPICIOUS_MOVE = YES;
				CLANG_WARN_UNREACHABLE_CODE = YES;
				CLANG_WARN__DUPLICATE_METHOD_MATCH = YES;
				"CODE_SIGN_IDENTITY[sdk=iphoneos*]" = "iPhone Developer";
				COPY_PHASE_STRIP = YES;
				ENABLE_NS_ASSERTIONS = NO;
				ENABLE_STRICT_OBJC_MSGSEND = YES;
				"EXCLUDED_ARCHS[sdk=iphonesimulator*]" = i386;
				GCC_C_LANGUAGE_STANDARD = gnu99;
				GCC_NO_COMMON_BLOCKS = YES;
				GCC_PREPROCESSOR_DEFINITIONS = (
					"$(inherited)",
					_LIBCPP_ENABLE_CXX17_REMOVED_UNARY_BINARY_FUNCTION,
				);
				GCC_WARN_64_TO_32_BIT_CONVERSION = YES;
				GCC_WARN_ABOUT_RETURN_TYPE = YES_ERROR;
				GCC_WARN_UNDECLARED_SELECTOR = YES;
				GCC_WARN_UNINITIALIZED_AUTOS = YES_AGGRESSIVE;
				GCC_WARN_UNUSED_FUNCTION = YES;
				GCC_WARN_UNUSED_VARIABLE = YES;
				IPHONEOS_DEPLOYMENT_TARGET = 12.4;
				LD_RUNPATH_SEARCH_PATHS = (
					/usr/lib/swift,
					"$(inherited)",
				);
				LIBRARY_SEARCH_PATHS = (
					"\"$(SDKROOT)/usr/lib/swift\"",
					"\"$(TOOLCHAIN_DIR)/usr/lib/swift/$(PLATFORM_NAME)\"",
					"\"$(inherited)\"",
				);
				MTL_ENABLE_DEBUG_INFO = NO;
				OTHER_CFLAGS = "$(inherited)";
				OTHER_CPLUSPLUSFLAGS = (
					"$(OTHER_CFLAGS)",
					"-DFOLLY_NO_CONFIG",
					"-DFOLLY_MOBILE=1",
					"-DFOLLY_USE_LIBCPP=1",
				);
				OTHER_LDFLAGS = (
					"$(inherited)",
					" ",
				);
				REACT_NATIVE_PATH = "${PODS_ROOT}/../../node_modules/react-native";
				SDKROOT = iphoneos;
				VALIDATE_PRODUCT = YES;
			};
			name = Release;
		};
/* End XCBuildConfiguration section */

/* Begin XCConfigurationList section */
		00E357021AD99517003FC87E /* Build configuration list for PBXNativeTarget "BookShelfTests" */ = {
			isa = XCConfigurationList;
			buildConfigurations = (
				00E356F61AD99517003FC87E /* Debug */,
				00E356F71AD99517003FC87E /* Release */,
			);
			defaultConfigurationIsVisible = 0;
			defaultConfigurationName = Release;
		};
		13B07F931A680F5B00A75B9A /* Build configuration list for PBXNativeTarget "BookShelf" */ = {
			isa = XCConfigurationList;
			buildConfigurations = (
				13B07F941A680F5B00A75B9A /* Debug */,
				13B07F951A680F5B00A75B9A /* Release */,
			);
			defaultConfigurationIsVisible = 0;
			defaultConfigurationName = Release;
		};
		83CBB9FA1A601CBA00E9B192 /* Build configuration list for PBXProject "BookShelf" */ = {
			isa = XCConfigurationList;
			buildConfigurations = (
				83CBBA201A601CBA00E9B192 /* Debug */,
				83CBBA211A601CBA00E9B192 /* Release */,
			);
			defaultConfigurationIsVisible = 0;
			defaultConfigurationName = Release;
		};
/* End XCConfigurationList section */
	};
	rootObject = 83CBB9F71A601CBA00E9B192 /* Project object */;
}
